{
  "name": "react-game",
  "version": "0.1.0",
  "lockfileVersion": 1,
  "dependencies": {
    "matter-js": {
      "version": "0.10.0",
      "resolved": "https://registry.npmjs.org/matter-js/-/matter-js-0.10.0.tgz",
      "integrity": "sha1-vPtK/CNUxZgMuXAdwV7fBydHQrI="
    },
    "react-game-kit": {
      "version": "0.0.2",
      "resolved": "https://registry.npmjs.org/react-game-kit/-/react-game-kit-0.0.2.tgz",
      "integrity": "sha1-YfYjQ9JHOhpdbrak/FYn2tJsD1A="
    }
  }
}
